speakeasyVersion: 1.513.2
sources:
    Sequencer API:
        sourceNamespace: sequencer-api
        sourceRevisionDigest: sha256:4fba16c789480720c8fc65a36d98d801338507c1a1ac93b5ca3c39c2b16d291a
        sourceBlobDigest: sha256:e0cb6bd99baf479265c154d3f6b85d03b2c1993659a71209343dc12c3d9ba2a9
        tags:
            - latest
            - speakeasy-sdk-regen-1741311658
            - 1.0.0
targets:
    chopin:
        source: Sequencer API
        sourceNamespace: sequencer-api
        sourceRevisionDigest: sha256:4fba16c789480720c8fc65a36d98d801338507c1a1ac93b5ca3c39c2b16d291a
        sourceBlobDigest: sha256:e0cb6bd99baf479265c154d3f6b85d03b2c1993659a71209343dc12c3d9ba2a9
        codeSamplesNamespace: sequencer-api-typescript-code-samples
        codeSamplesRevisionDigest: sha256:222ac35a129cba648d812de4fb73908ae1e67c74a17a57e5ca1d8e68bbf0bad3
workflow:
    workflowVersion: 1.0.0
    speakeasyVersion: latest
    sources:
        Sequencer API:
            inputs:
                - location: ../openapi/openapi.json
            registry:
                location: registry.speakeasyapi.dev/chopin-framework/workspace/sequencer-api
    targets:
        chopin:
            target: typescript
            source: Sequencer API
            publish:
                npm:
                    token: $npm_token
            codeSamples:
                registry:
                    location: registry.speakeasyapi.dev/chopin-framework/workspace/sequencer-api-typescript-code-samples
                labelOverride:
                    fixedValue: Typescript (SDK)
                blocking: false
